{
  "nodes": {
    "nixCats": {
      "locked": {
        "lastModified": 1747402538,
        "narHash": "sha256-hqOngVDs86+L2tYseKLqhhJsgXWluwwmPFJByvMc1d4=",
        "owner": "BirdeeHub",
        "repo": "nixCats-nvim",
        "rev": "14e95095b612f2c438e00a0f60287d867e8abd69",
        "type": "github"
      },
      "original": {
        "owner": "BirdeeHub",
        "repo": "nixCats-nvim",
        "type": "github"
      }
    },
    "nixpkgs": {
      "locked": {
        "lastModified": 1747696584,
        "narHash": "sha256-TvJjbLlQ5aAHS3ZdP8mztNs28cMGWdT3J9g/6li3/4I=",
        "owner": "nixos",
        "repo": "nixpkgs",
        "rev": "359c442b7d1f6229c1dc978116d32d6c07fe8440",
        "type": "github"
      },
      "original": {
        "owner": "nixos",
        "ref": "nixpkgs-unstable",
        "repo": "nixpkgs",
        "type": "github"
      }
    },
    "root": {
      "inputs": {
        "nixCats": "nixCats",
        "nixpkgs": "nixpkgs"
      }
    }
  },
  "root": "root",
  "version": 7
}
